# -------------------------------------------------------------------------- #
#
# Copyright (C) 2025  Altera Corporation. All rights reserved.
# Your use of Altera Corporation's design tools, logic functions 
# and other software and tools, and any partner logic 
# functions, and any output files from any of the foregoing 
# (including device programming or simulation files), and any 
# associated documentation or information are expressly subject 
# to the terms and conditions of the Altera Program License 
# Subscription Agreement, the Altera Quartus Prime License Agreement,
# the Altera IP License Agreement, or other applicable license
# agreement, including, without limitation, that your use is for
# the sole purpose of programming logic devices manufactured by
# Altera and sold by Altera or its authorized distributors.  Please
# refer to the Altera Software License Subscription Agreements 
# on the Quartus Prime software download page.
#
# -------------------------------------------------------------------------- #
#
# Quartus Prime
# Version 25.1std.0 Build 1129 10/21/2025 SC Lite Edition
# Date created = 19:02:22  September 02, 2026
#
# -------------------------------------------------------------------------- #
#
# Notes:
#
# 1) The default values for assignments are stored in the file:
#		top_level_assignment_defaults.qdf
#    If this file doesn't exist, see file:
#		assignment_defaults.qdf
#
# 2) Intel recommends that you do not modify this file. This
#    file is updated automatically by the Quartus Prime software
#    and any changes you make may be lost or overwritten.
#
# -------------------------------------------------------------------------- #


set_global_assignment -name FAMILY "Cyclone V"
set_global_assignment -name DEVICE 5CSEBA6U19C6
set_global_assignment -name TOP_LEVEL_ENTITY top_level
set_global_assignment -name ORIGINAL_QUARTUS_VERSION 25.1STD.0
set_global_assignment -name PROJECT_CREATION_TIME_DATE "19:02:22  SEPTEMBER 02, 2026"
set_global_assignment -name LAST_QUARTUS_VERSION "25.1std.0 Lite Edition"
set_global_assignment -name PROJECT_OUTPUT_DIRECTORY output_files
set_global_assignment -name MIN_CORE_JUNCTION_TEMP 0
set_global_assignment -name MAX_CORE_JUNCTION_TEMP 85
set_global_assignment -name ERROR_CHECK_FREQUENCY_DIVISOR 256
set_global_assignment -name SDC_FILE ../sdc/timing_constraints.sdc
set_global_assignment -name SYSTEMVERILOG_FILE ../src/top_level.sv
set_global_assignment -name SYSTEMVERILOG_FILE ../src/three_bit_absolute_value_binary_to_7_segment_converter.sv
set_global_assignment -name SYSTEMVERILOG_FILE ../src/seven_segment_adapter.sv
set_global_assignment -name SYSTEMVERILOG_FILE ../src/n_bit_absolute_value.sv
set_global_assignment -name SYSTEMVERILOG_FILE ../src/mode_b_constants.sv
set_global_assignment -name SYSTEMVERILOG_FILE ../src/eight_bit_absolute_value_binary_to_7_segment_BCD_converter.sv
set_global_assignment -name SYSTEMVERILOG_FILE ../src/decoder_4x16.sv
set_global_assignment -name SYSTEMVERILOG_FILE ../src/control_logic.sv
set_global_assignment -name SYSTEMVERILOG_FILE ../src/alu_types_pkg.sv
set_global_assignment -name SYSTEMVERILOG_FILE ../src/alu_param.sv
set_global_assignment -name POWER_PRESET_COOLING_SOLUTION "23 MM HEAT SINK WITH 200 LFPM AIRFLOW"
set_global_assignment -name POWER_BOARD_THERMAL_MODEL "NONE (CONSERVATIVE)"
set_global_assignment -name PARTITION_NETLIST_TYPE SOURCE -section_id Top
set_global_assignment -name PARTITION_FITTER_PRESERVATION_LEVEL PLACEMENT_AND_ROUTING -section_id Top
set_global_assignment -name PARTITION_COLOR 16764057 -section_id Top
set_instance_assignment -name PARTITION_HIERARCHY root_partition -to | -section_id Top